
Microsoft Visual Studio Solution File, Format Version 12.00
# Visual Studio Version 17
VisualStudioVersion = 17.0.31903.59
MinimumVisualStudioVersion = 10.0.40219.1
Project("{FAE04EC0-301F-11D3-BF4B-00C04F79EFBC}") = "API", "API\API.csproj", "{94A582A5-E30B-4BC2-9A48-E3BB12231849}"
EndProject
Project("{FAE04EC0-301F-11D3-BF4B-00C04F79EFBC}") = "Core", "Core\Core.csproj", "{AC91642B-3D79-4CB3-BDC9-E9BE639E2529}"
EndProject
Project("{FAE04EC0-301F-11D3-BF4B-00C04F79EFBC}") = "Infrastructure", "Infrastructure\Infrastructure.csproj", "{C5D4E7D8-903E-45EC-95CD-F7E5EE792B39}"
EndProject
Global
	GlobalSection(SolutionConfigurationPlatforms) = preSolution
		Debug|Any CPU = Debug|Any CPU
		Release|Any CPU = Release|Any CPU
	EndGlobalSection
	GlobalSection(SolutionProperties) = preSolution
		HideSolutionNode = FALSE
	EndGlobalSection
	GlobalSection(ProjectConfigurationPlatforms) = postSolution
		{94A582A5-E30B-4BC2-9A48-E3BB12231849}.Debug|Any CPU.ActiveCfg = Debug|Any CPU
		{94A582A5-E30B-4BC2-9A48-E3BB12231849}.Debug|Any CPU.Build.0 = Debug|Any CPU
		{94A582A5-E30B-4BC2-9A48-E3BB12231849}.Release|Any CPU.ActiveCfg = Release|Any CPU
		{94A582A5-E30B-4BC2-9A48-E3BB12231849}.Release|Any CPU.Build.0 = Release|Any CPU
		{AC91642B-3D79-4CB3-BDC9-E9BE639E2529}.Debug|Any CPU.ActiveCfg = Debug|Any CPU
		{AC91642B-3D79-4CB3-BDC9-E9BE639E2529}.Debug|Any CPU.Build.0 = Debug|Any CPU
		{AC91642B-3D79-4CB3-BDC9-E9BE639E2529}.Release|Any CPU.ActiveCfg = Release|Any CPU
		{AC91642B-3D79-4CB3-BDC9-E9BE639E2529}.Release|Any CPU.Build.0 = Release|Any CPU
		{C5D4E7D8-903E-45EC-95CD-F7E5EE792B39}.Debug|Any CPU.ActiveCfg = Debug|Any CPU
		{C5D4E7D8-903E-45EC-95CD-F7E5EE792B39}.Debug|Any CPU.Build.0 = Debug|Any CPU
		{C5D4E7D8-903E-45EC-95CD-F7E5EE792B39}.Release|Any CPU.ActiveCfg = Release|Any CPU
		{C5D4E7D8-903E-45EC-95CD-F7E5EE792B39}.Release|Any CPU.Build.0 = Release|Any CPU
	EndGlobalSection
EndGlobal
